
Microsoft Visual Studio Solution File, Format Version 12.00
# Visual Studio Version 17
VisualStudioVersion = 17.4.33103.184
MinimumVisualStudioVersion = 10.0.40219.1
Project("{FAE04EC0-301F-11D3-BF4B-00C04F79EFBC}") = "WebProgramlamaVize", "WebProgramlamaVize\WebProgramlamaVize.csproj", "{00C25D82-BC0D-4740-8884-1C8C9973CF69}"
EndProject
Global
	GlobalSection(SolutionConfigurationPlatforms) = preSolution
		Debug|Any CPU = Debug|Any CPU
		Release|Any CPU = Release|Any CPU
	EndGlobalSection
	GlobalSection(ProjectConfigurationPlatforms) = postSolution
		{00C25D82-BC0D-4740-8884-1C8C9973CF69}.Debug|Any CPU.ActiveCfg = Debug|Any CPU
		{00C25D82-BC0D-4740-8884-1C8C9973CF69}.Debug|Any CPU.Build.0 = Debug|Any CPU
		{00C25D82-BC0D-4740-8884-1C8C9973CF69}.Release|Any CPU.ActiveCfg = Release|Any CPU
		{00C25D82-BC0D-4740-8884-1C8C9973CF69}.Release|Any CPU.Build.0 = Release|Any CPU
	EndGlobalSection
	GlobalSection(SolutionProperties) = preSolution
		HideSolutionNode = FALSE
	EndGlobalSection
	GlobalSection(ExtensibilityGlobals) = postSolution
		SolutionGuid = {93DA5E4D-F7C9-457A-8868-BAC67D7715C1}
	EndGlobalSection
EndGlobal
